
Microsoft Visual Studio Solution File, Format Version 12.00
# Visual Studio Version 17
VisualStudioVersion = 17.9.34728.123
MinimumVisualStudioVersion = 10.0.40219.1
Project("{FAE04EC0-301F-11D3-BF4B-00C04F79EFBC}") = "GestionarCompras", "GestionarCompras\GestionarCompras.csproj", "{CB095E86-3A93-4A04-899E-BC78B2471C8E}"
EndProject
Global
	GlobalSection(SolutionConfigurationPlatforms) = preSolution
		Debug|Any CPU = Debug|Any CPU
		Release|Any CPU = Release|Any CPU
	EndGlobalSection
	GlobalSection(ProjectConfigurationPlatforms) = postSolution
		{CB095E86-3A93-4A04-899E-BC78B2471C8E}.Debug|Any CPU.ActiveCfg = Debug|Any CPU
		{CB095E86-3A93-4A04-899E-BC78B2471C8E}.Debug|Any CPU.Build.0 = Debug|Any CPU
		{CB095E86-3A93-4A04-899E-BC78B2471C8E}.Release|Any CPU.ActiveCfg = Release|Any CPU
		{CB095E86-3A93-4A04-899E-BC78B2471C8E}.Release|Any CPU.Build.0 = Release|Any CPU
	EndGlobalSection
	GlobalSection(SolutionProperties) = preSolution
		HideSolutionNode = FALSE
	EndGlobalSection
	GlobalSection(ExtensibilityGlobals) = postSolution
		SolutionGuid = {951CFC5B-F602-4BF6-9538-718010EB0307}
	EndGlobalSection
EndGlobal
